# THIS IS AN AUTOGENERATED FILE. DO NOT EDIT THIS FILE DIRECTLY.
# yarn lockfile v1


"@tensorflow/tfjs-core@0.6.0":
  version "0.6.0"
  resolved "https://registry.yarnpkg.com/@tensorflow/tfjs-core/-/tfjs-core-0.6.0.tgz#e33d9889472b0599291ecdb7fa83579586b21e66"
  dependencies:
    seedrandom "~2.4.3"

"@tensorflow/tfjs-layers@0.1.2":
  version "0.1.2"
  resolved "https://registry.yarnpkg.com/@tensorflow/tfjs-layers/-/tfjs-layers-0.1.2.tgz#fead9860495a0bdb1525645ed7614675e8decaaf"
  dependencies:
    underscore "~1.8.3"

"@tensorflow/tfjs@^0.6.1":
  version "0.6.1"
  resolved "https://registry.yarnpkg.com/@tensorflow/tfjs/-/tfjs-0.6.1.tgz#8cb0133a0f2d8d6068c0742d8ceb998ef39899b0"
  dependencies:
    "@tensorflow/tfjs-core" "0.6.0"
    "@tensorflow/tfjs-layers" "0.1.2"

seedrandom@~2.4.3:
  version "2.4.3"
  resolved "https://registry.yarnpkg.com/seedrandom/-/seedrandom-2.4.3.tgz#2438504dad33917314bff18ac4d794f16d6aaecc"

underscore@~1.8.3:
  version "1.8.3"
  resolved "https://registry.yarnpkg.com/underscore/-/underscore-1.8.3.tgz#4f3fb53b106e6097fcf9cb4109f2a5e9bdfa5022"
